
Microsoft Visual Studio Solution File, Format Version 12.00
# Visual Studio Version 16
VisualStudioVersion = 16.0.30128.74
MinimumVisualStudioVersion = 10.0.40219.1
Project("{FAE04EC0-301F-11D3-BF4B-00C04F79EFBC}") = "NavigationDemo", "NavigationDemo.csproj", "{918DC7FA-624B-4300-9174-51FFDCC55019}"
EndProject
Global
	GlobalSection(SolutionConfigurationPlatforms) = preSolution
		Debug|Any CPU = Debug|Any CPU
		Release|Any CPU = Release|Any CPU
	EndGlobalSection
	GlobalSection(ProjectConfigurationPlatforms) = postSolution
		{918DC7FA-624B-4300-9174-51FFDCC55019}.Debug|Any CPU.ActiveCfg = Debug|Any CPU
		{918DC7FA-624B-4300-9174-51FFDCC55019}.Debug|Any CPU.Build.0 = Debug|Any CPU
		{918DC7FA-624B-4300-9174-51FFDCC55019}.Release|Any CPU.ActiveCfg = Release|Any CPU
		{918DC7FA-624B-4300-9174-51FFDCC55019}.Release|Any CPU.Build.0 = Release|Any CPU
	EndGlobalSection
	GlobalSection(SolutionProperties) = preSolution
		HideSolutionNode = FALSE
	EndGlobalSection
	GlobalSection(ExtensibilityGlobals) = postSolution
		SolutionGuid = {DDA62985-292F-4B1A-A58E-602B3998FBAC}
	EndGlobalSection
EndGlobal
